
Microsoft Visual Studio Solution File, Format Version 12.00
# Visual Studio Version 17
VisualStudioVersion = 17.0.31903.59
MinimumVisualStudioVersion = 10.0.40219.1
Project("{2150E333-8FDC-42A3-9474-1A3956D46DE8}") = "src", "src", "{827E0CD3-B72D-47B6-A68D-7590B98EB39B}"
EndProject
Project("{2150E333-8FDC-42A3-9474-1A3956D46DE8}") = "01_Domain", "01_Domain", "{9AA0D11A-7B97-AB46-BE67-110D5B8F5AD6}"
EndProject
Project("{FAE04EC0-301F-11D3-BF4B-00C04F79EFBC}") = "IsoDoc.Domain", "src\01_Domain\IsoDoc.Domain\IsoDoc.Domain.csproj", "{9E186617-E765-4EFE-9C9D-8982008C3C5F}"
EndProject
Project("{2150E333-8FDC-42A3-9474-1A3956D46DE8}") = "02_Application", "02_Application", "{72A6DA15-4212-AC6B-05C3-31DE4169F501}"
EndProject
Project("{FAE04EC0-301F-11D3-BF4B-00C04F79EFBC}") = "IsoDoc.Application", "src\02_Application\IsoDoc.Application\IsoDoc.Application.csproj", "{D9A05036-2E70-44A1-ADAE-51DB59AEA0E8}"
EndProject
Project("{2150E333-8FDC-42A3-9474-1A3956D46DE8}") = "04_WebAPI", "04_WebAPI", "{B5AE4CAF-0D31-E8A0-B0A8-5CA55B0DF8D4}"
EndProject
Project("{FAE04EC0-301F-11D3-BF4B-00C04F79EFBC}") = "IsoDoc.WebAPI", "src\04_WebAPI\IsoDoc.WebAPI\IsoDoc.WebAPI.csproj", "{4B8B077A-A793-407D-AAC6-984F0A873251}"
EndProject
Project("{2150E333-8FDC-42A3-9474-1A3956D46DE8}") = "03_Infrastructure", "03_Infrastructure", "{341B8F62-1F77-E7EA-8C4E-2E4EE43886ED}"
EndProject
Project("{FAE04EC0-301F-11D3-BF4B-00C04F79EFBC}") = "IsoDoc.Infrastructure", "src\03_Infrastructure\IsoDoc.Infrastructure\IsoDoc.Infrastructure.csproj", "{1F745319-050A-42C5-BE5F-56F7834BFBAC}"
EndProject
Project("{2150E333-8FDC-42A3-9474-1A3956D46DE8}") = "05_Frontend", "05_Frontend", "{DDC4A29E-81E9-38EB-E6D9-F6F79DBD398D}"
EndProject
Project("{FAE04EC0-301F-11D3-BF4B-00C04F79EFBC}") = "IsoDoc.Blazor", "src\05_Frontend\IsoDoc.Blazor\IsoDoc.Blazor.csproj", "{74ECD557-57D7-4E93-8A74-40618DD33A1C}"
EndProject
Project("{FAE04EC0-301F-11D3-BF4B-00C04F79EFBC}") = "IsoDoc.Blazor.Tests", "src\05_Frontend\IsoDoc.Blazor.Tests\IsoDoc.Blazor.Tests.csproj", "{3644E5E3-E366-4BA1-9D4E-AEE00588928F}"
EndProject
Project("{2150E333-8FDC-42A3-9474-1A3956D46DE8}") = "06_MauiApp", "06_MauiApp", "{494DD6BA-15E4-2867-703C-EC268D5B0A63}"
EndProject
Project("{FAE04EC0-301F-11D3-BF4B-00C04F79EFBC}") = "IsoDoc.MauiApp", "src\06_MauiApp\IsoDoc.MauiApp\IsoDoc.MauiApp.csproj", "{63C31364-C5BC-4CFB-8C81-D633976EDFDC}"
EndProject
Project("{2150E333-8FDC-42A3-9474-1A3956D46DE8}") = "tests", "tests", "{CEA09484-30F6-4D44-02F6-822E06DBC57C}"
EndProject
Project("{FAE04EC0-301F-11D3-BF4B-00C04F79EFBC}") = "IsoDoc.Infrastructure.Tests", "src\tests\IsoDoc.Infrastructure.Tests\IsoDoc.Infrastructure.Tests.csproj", "{C8702232-8DB8-4C90-BD8C-6C364F03D940}"
EndProject
Project("{FAE04EC0-301F-11D3-BF4B-00C04F79EFBC}") = "IsoDoc.Integration.Tests", "src\tests\IsoDoc.Integration.Tests\IsoDoc.Integration.Tests.csproj", "{F14A2C39-0A8B-4D1E-B2C4-9F5A8E123456}"
EndProject
Project("{FAE04EC0-301F-11D3-BF4B-00C04F79EFBC}") = "IsoDoc.Domain.Tests", "src\tests\IsoDoc.Domain.Tests\IsoDoc.Domain.Tests.csproj", "{48213806-D009-4C54-99FA-FE0E3651872A}"
EndProject
Global
	GlobalSection(SolutionConfigurationPlatforms) = preSolution
		Debug|Any CPU = Debug|Any CPU
		Debug|x64 = Debug|x64
		Debug|x86 = Debug|x86
		Release|Any CPU = Release|Any CPU
		Release|x64 = Release|x64
		Release|x86 = Release|x86
	EndGlobalSection
	GlobalSection(ProjectConfigurationPlatforms) = postSolution
		{9E186617-E765-4EFE-9C9D-8982008C3C5F}.Debug|Any CPU.ActiveCfg = Debug|Any CPU
		{9E186617-E765-4EFE-9C9D-8982008C3C5F}.Debug|Any CPU.Build.0 = Debug|Any CPU
		{9E186617-E765-4EFE-9C9D-8982008C3C5F}.Debug|x64.ActiveCfg = Debug|Any CPU
		{9E186617-E765-4EFE-9C9D-8982008C3C5F}.Debug|x64.Build.0 = Debug|Any CPU
		{9E186617-E765-4EFE-9C9D-8982008C3C5F}.Debug|x86.ActiveCfg = Debug|Any CPU
		{9E186617-E765-4EFE-9C9D-8982008C3C5F}.Debug|x86.Build.0 = Debug|Any CPU
		{9E186617-E765-4EFE-9C9D-8982008C3C5F}.Release|Any CPU.ActiveCfg = Release|Any CPU
		{9E186617-E765-4EFE-9C9D-8982008C3C5F}.Release|Any CPU.Build.0 = Release|Any CPU
		{9E186617-E765-4EFE-9C9D-8982008C3C5F}.Release|x64.ActiveCfg = Release|Any CPU
		{9E186617-E765-4EFE-9C9D-8982008C3C5F}.Release|x64.Build.0 = Release|Any CPU
		{9E186617-E765-4EFE-9C9D-8982008C3C5F}.Release|x86.ActiveCfg = Release|Any CPU
		{9E186617-E765-4EFE-9C9D-8982008C3C5F}.Release|x86.Build.0 = Release|Any CPU
		{D9A05036-2E70-44A1-ADAE-51DB59AEA0E8}.Debug|Any CPU.ActiveCfg = Debug|Any CPU
		{D9A05036-2E70-44A1-ADAE-51DB59AEA0E8}.Debug|Any CPU.Build.0 = Debug|Any CPU
		{D9A05036-2E70-44A1-ADAE-51DB59AEA0E8}.Debug|x64.ActiveCfg = Debug|Any CPU
		{D9A05036-2E70-44A1-ADAE-51DB59AEA0E8}.Debug|x64.Build.0 = Debug|Any CPU
		{D9A05036-2E70-44A1-ADAE-51DB59AEA0E8}.Debug|x86.ActiveCfg = Debug|Any CPU
		{D9A05036-2E70-44A1-ADAE-51DB59AEA0E8}.Debug|x86.Build.0 = Debug|Any CPU
		{D9A05036-2E70-44A1-ADAE-51DB59AEA0E8}.Release|Any CPU.ActiveCfg = Release|Any CPU
		{D9A05036-2E70-44A1-ADAE-51DB59AEA0E8}.Release|Any CPU.Build.0 = Release|Any CPU
		{D9A05036-2E70-44A1-ADAE-51DB59AEA0E8}.Release|x64.ActiveCfg = Release|Any CPU
		{D9A05036-2E70-44A1-ADAE-51DB59AEA0E8}.Release|x64.Build.0 = Release|Any CPU
		{D9A05036-2E70-44A1-ADAE-51DB59AEA0E8}.Release|x86.ActiveCfg = Release|Any CPU
		{D9A05036-2E70-44A1-ADAE-51DB59AEA0E8}.Release|x86.Build.0 = Release|Any CPU
		{4B8B077A-A793-407D-AAC6-984F0A873251}.Debug|Any CPU.ActiveCfg = Debug|Any CPU
		{4B8B077A-A793-407D-AAC6-984F0A873251}.Debug|Any CPU.Build.0 = Debug|Any CPU
		{4B8B077A-A793-407D-AAC6-984F0A873251}.Debug|x64.ActiveCfg = Debug|Any CPU
		{4B8B077A-A793-407D-AAC6-984F0A873251}.Debug|x64.Build.0 = Debug|Any CPU
		{4B8B077A-A793-407D-AAC6-984F0A873251}.Debug|x86.ActiveCfg = Debug|Any CPU
		{4B8B077A-A793-407D-AAC6-984F0A873251}.Debug|x86.Build.0 = Debug|Any CPU
		{4B8B077A-A793-407D-AAC6-984F0A873251}.Release|Any CPU.ActiveCfg = Release|Any CPU
		{4B8B077A-A793-407D-AAC6-984F0A873251}.Release|Any CPU.Build.0 = Release|Any CPU
		{4B8B077A-A793-407D-AAC6-984F0A873251}.Release|x64.ActiveCfg = Release|Any CPU
		{4B8B077A-A793-407D-AAC6-984F0A873251}.Release|x64.Build.0 = Release|Any CPU
		{4B8B077A-A793-407D-AAC6-984F0A873251}.Release|x86.ActiveCfg = Release|Any CPU
		{4B8B077A-A793-407D-AAC6-984F0A873251}.Release|x86.Build.0 = Release|Any CPU
		{1F745319-050A-42C5-BE5F-56F7834BFBAC}.Debug|Any CPU.ActiveCfg = Debug|Any CPU
		{1F745319-050A-42C5-BE5F-56F7834BFBAC}.Debug|Any CPU.Build.0 = Debug|Any CPU
		{1F745319-050A-42C5-BE5F-56F7834BFBAC}.Debug|x64.ActiveCfg = Debug|Any CPU
		{1F745319-050A-42C5-BE5F-56F7834BFBAC}.Debug|x64.Build.0 = Debug|Any CPU
		{1F745319-050A-42C5-BE5F-56F7834BFBAC}.Debug|x86.ActiveCfg = Debug|Any CPU
		{1F745319-050A-42C5-BE5F-56F7834BFBAC}.Debug|x86.Build.0 = Debug|Any CPU
		{1F745319-050A-42C5-BE5F-56F7834BFBAC}.Release|Any CPU.ActiveCfg = Release|Any CPU
		{1F745319-050A-42C5-BE5F-56F7834BFBAC}.Release|Any CPU.Build.0 = Release|Any CPU
		{1F745319-050A-42C5-BE5F-56F7834BFBAC}.Release|x64.ActiveCfg = Release|Any CPU
		{1F745319-050A-42C5-BE5F-56F7834BFBAC}.Release|x64.Build.0 = Release|Any CPU
		{1F745319-050A-42C5-BE5F-56F7834BFBAC}.Release|x86.ActiveCfg = Release|Any CPU
		{1F745319-050A-42C5-BE5F-56F7834BFBAC}.Release|x86.Build.0 = Release|Any CPU
		{74ECD557-57D7-4E93-8A74-40618DD33A1C}.Debug|Any CPU.ActiveCfg = Debug|Any CPU
		{74ECD557-57D7-4E93-8A74-40618DD33A1C}.Debug|Any CPU.Build.0 = Debug|Any CPU
		{74ECD557-57D7-4E93-8A74-40618DD33A1C}.Debug|x64.ActiveCfg = Debug|Any CPU
		{74ECD557-57D7-4E93-8A74-40618DD33A1C}.Debug|x64.Build.0 = Debug|Any CPU
		{74ECD557-57D7-4E93-8A74-40618DD33A1C}.Debug|x86.ActiveCfg = Debug|Any CPU
		{74ECD557-57D7-4E93-8A74-40618DD33A1C}.Debug|x86.Build.0 = Debug|Any CPU
		{74ECD557-57D7-4E93-8A74-40618DD33A1C}.Release|Any CPU.ActiveCfg = Release|Any CPU
		{74ECD557-57D7-4E93-8A74-40618DD33A1C}.Release|Any CPU.Build.0 = Release|Any CPU
		{74ECD557-57D7-4E93-8A74-40618DD33A1C}.Release|x64.ActiveCfg = Release|Any CPU
		{74ECD557-57D7-4E93-8A74-40618DD33A1C}.Release|x64.Build.0 = Release|Any CPU
		{74ECD557-57D7-4E93-8A74-40618DD33A1C}.Release|x86.ActiveCfg = Release|Any CPU
		{74ECD557-57D7-4E93-8A74-40618DD33A1C}.Release|x86.Build.0 = Release|Any CPU
		{3644E5E3-E366-4BA1-9D4E-AEE00588928F}.Debug|Any CPU.ActiveCfg = Debug|Any CPU
		{3644E5E3-E366-4BA1-9D4E-AEE00588928F}.Debug|Any CPU.Build.0 = Debug|Any CPU
		{3644E5E3-E366-4BA1-9D4E-AEE00588928F}.Debug|x64.ActiveCfg = Debug|Any CPU
		{3644E5E3-E366-4BA1-9D4E-AEE00588928F}.Debug|x64.Build.0 = Debug|Any CPU
		{3644E5E3-E366-4BA1-9D4E-AEE00588928F}.Debug|x86.ActiveCfg = Debug|Any CPU
		{3644E5E3-E366-4BA1-9D4E-AEE00588928F}.Debug|x86.Build.0 = Debug|Any CPU
		{3644E5E3-E366-4BA1-9D4E-AEE00588928F}.Release|Any CPU.ActiveCfg = Release|Any CPU
		{3644E5E3-E366-4BA1-9D4E-AEE00588928F}.Release|Any CPU.Build.0 = Release|Any CPU
		{3644E5E3-E366-4BA1-9D4E-AEE00588928F}.Release|x64.ActiveCfg = Release|Any CPU
		{3644E5E3-E366-4BA1-9D4E-AEE00588928F}.Release|x64.Build.0 = Release|Any CPU
		{3644E5E3-E366-4BA1-9D4E-AEE00588928F}.Release|x86.ActiveCfg = Release|Any CPU
		{3644E5E3-E366-4BA1-9D4E-AEE00588928F}.Release|x86.Build.0 = Release|Any CPU
		{63C31364-C5BC-4CFB-8C81-D633976EDFDC}.Debug|Any CPU.ActiveCfg = Debug|Any CPU
		{63C31364-C5BC-4CFB-8C81-D633976EDFDC}.Debug|Any CPU.Build.0 = Debug|Any CPU
		{63C31364-C5BC-4CFB-8C81-D633976EDFDC}.Debug|x64.ActiveCfg = Debug|Any CPU
		{63C31364-C5BC-4CFB-8C81-D633976EDFDC}.Debug|x64.Build.0 = Debug|Any CPU
		{63C31364-C5BC-4CFB-8C81-D633976EDFDC}.Debug|x86.ActiveCfg = Debug|Any CPU
		{63C31364-C5BC-4CFB-8C81-D633976EDFDC}.Debug|x86.Build.0 = Debug|Any CPU
		{63C31364-C5BC-4CFB-8C81-D633976EDFDC}.Release|Any CPU.ActiveCfg = Release|Any CPU
		{63C31364-C5BC-4CFB-8C81-D633976EDFDC}.Release|Any CPU.Build.0 = Release|Any CPU
		{63C31364-C5BC-4CFB-8C81-D633976EDFDC}.Release|x64.ActiveCfg = Release|Any CPU
		{63C31364-C5BC-4CFB-8C81-D633976EDFDC}.Release|x64.Build.0 = Release|Any CPU
		{63C31364-C5BC-4CFB-8C81-D633976EDFDC}.Release|x86.ActiveCfg = Release|Any CPU
		{63C31364-C5BC-4CFB-8C81-D633976EDFDC}.Release|x86.Build.0 = Release|Any CPU
		{C8702232-8DB8-4C90-BD8C-6C364F03D940}.Debug|Any CPU.ActiveCfg = Debug|Any CPU
		{C8702232-8DB8-4C90-BD8C-6C364F03D940}.Debug|Any CPU.Build.0 = Debug|Any CPU
		{C8702232-8DB8-4C90-BD8C-6C364F03D940}.Debug|x64.ActiveCfg = Debug|Any CPU
		{C8702232-8DB8-4C90-BD8C-6C364F03D940}.Debug|x64.Build.0 = Debug|Any CPU
		{C8702232-8DB8-4C90-BD8C-6C364F03D940}.Debug|x86.ActiveCfg = Debug|Any CPU
		{C8702232-8DB8-4C90-BD8C-6C364F03D940}.Debug|x86.Build.0 = Debug|Any CPU
		{C8702232-8DB8-4C90-BD8C-6C364F03D940}.Release|Any CPU.ActiveCfg = Release|Any CPU
		{C8702232-8DB8-4C90-BD8C-6C364F03D940}.Release|Any CPU.Build.0 = Release|Any CPU
		{C8702232-8DB8-4C90-BD8C-6C364F03D940}.Release|x64.ActiveCfg = Release|Any CPU
		{C8702232-8DB8-4C90-BD8C-6C364F03D940}.Release|x64.Build.0 = Release|Any CPU
		{C8702232-8DB8-4C90-BD8C-6C364F03D940}.Release|x86.ActiveCfg = Release|Any CPU
		{C8702232-8DB8-4C90-BD8C-6C364F03D940}.Release|x86.Build.0 = Release|Any CPU
		{F14A2C39-0A8B-4D1E-B2C4-9F5A8E123456}.Debug|Any CPU.ActiveCfg = Debug|Any CPU
		{F14A2C39-0A8B-4D1E-B2C4-9F5A8E123456}.Debug|Any CPU.Build.0 = Debug|Any CPU
		{F14A2C39-0A8B-4D1E-B2C4-9F5A8E123456}.Debug|x64.ActiveCfg = Debug|Any CPU
		{F14A2C39-0A8B-4D1E-B2C4-9F5A8E123456}.Debug|x64.Build.0 = Debug|Any CPU
		{F14A2C39-0A8B-4D1E-B2C4-9F5A8E123456}.Debug|x86.ActiveCfg = Debug|Any CPU
		{F14A2C39-0A8B-4D1E-B2C4-9F5A8E123456}.Debug|x86.Build.0 = Debug|Any CPU
		{F14A2C39-0A8B-4D1E-B2C4-9F5A8E123456}.Release|Any CPU.ActiveCfg = Release|Any CPU
		{F14A2C39-0A8B-4D1E-B2C4-9F5A8E123456}.Release|Any CPU.Build.0 = Release|Any CPU
		{F14A2C39-0A8B-4D1E-B2C4-9F5A8E123456}.Release|x64.ActiveCfg = Release|Any CPU
		{F14A2C39-0A8B-4D1E-B2C4-9F5A8E123456}.Release|x64.Build.0 = Release|Any CPU
		{F14A2C39-0A8B-4D1E-B2C4-9F5A8E123456}.Release|x86.ActiveCfg = Release|Any CPU
		{F14A2C39-0A8B-4D1E-B2C4-9F5A8E123456}.Release|x86.Build.0 = Release|Any CPU
		{48213806-D009-4C54-99FA-FE0E3651872A}.Debug|Any CPU.ActiveCfg = Debug|Any CPU
		{48213806-D009-4C54-99FA-FE0E3651872A}.Debug|Any CPU.Build.0 = Debug|Any CPU
		{48213806-D009-4C54-99FA-FE0E3651872A}.Debug|x64.ActiveCfg = Debug|Any CPU
		{48213806-D009-4C54-99FA-FE0E3651872A}.Debug|x64.Build.0 = Debug|Any CPU
		{48213806-D009-4C54-99FA-FE0E3651872A}.Debug|x86.ActiveCfg = Debug|Any CPU
		{48213806-D009-4C54-99FA-FE0E3651872A}.Debug|x86.Build.0 = Debug|Any CPU
		{48213806-D009-4C54-99FA-FE0E3651872A}.Release|Any CPU.ActiveCfg = Release|Any CPU
		{48213806-D009-4C54-99FA-FE0E3651872A}.Release|Any CPU.Build.0 = Release|Any CPU
		{48213806-D009-4C54-99FA-FE0E3651872A}.Release|x64.ActiveCfg = Release|Any CPU
		{48213806-D009-4C54-99FA-FE0E3651872A}.Release|x64.Build.0 = Release|Any CPU
		{48213806-D009-4C54-99FA-FE0E3651872A}.Release|x86.ActiveCfg = Release|Any CPU
		{48213806-D009-4C54-99FA-FE0E3651872A}.Release|x86.Build.0 = Release|Any CPU
	EndGlobalSection
	GlobalSection(SolutionProperties) = preSolution
		HideSolutionNode = FALSE
	EndGlobalSection
	GlobalSection(NestedProjects) = preSolution
		{9AA0D11A-7B97-AB46-BE67-110D5B8F5AD6} = {827E0CD3-B72D-47B6-A68D-7590B98EB39B}
		{9E186617-E765-4EFE-9C9D-8982008C3C5F} = {9AA0D11A-7B97-AB46-BE67-110D5B8F5AD6}
		{72A6DA15-4212-AC6B-05C3-31DE4169F501} = {827E0CD3-B72D-47B6-A68D-7590B98EB39B}
		{D9A05036-2E70-44A1-ADAE-51DB59AEA0E8} = {72A6DA15-4212-AC6B-05C3-31DE4169F501}
		{B5AE4CAF-0D31-E8A0-B0A8-5CA55B0DF8D4} = {827E0CD3-B72D-47B6-A68D-7590B98EB39B}
		{4B8B077A-A793-407D-AAC6-984F0A873251} = {B5AE4CAF-0D31-E8A0-B0A8-5CA55B0DF8D4}
		{341B8F62-1F77-E7EA-8C4E-2E4EE43886ED} = {827E0CD3-B72D-47B6-A68D-7590B98EB39B}
		{1F745319-050A-42C5-BE5F-56F7834BFBAC} = {341B8F62-1F77-E7EA-8C4E-2E4EE43886ED}
		{DDC4A29E-81E9-38EB-E6D9-F6F79DBD398D} = {827E0CD3-B72D-47B6-A68D-7590B98EB39B}
		{74ECD557-57D7-4E93-8A74-40618DD33A1C} = {DDC4A29E-81E9-38EB-E6D9-F6F79DBD398D}
		{3644E5E3-E366-4BA1-9D4E-AEE00588928F} = {DDC4A29E-81E9-38EB-E6D9-F6F79DBD398D}
		{494DD6BA-15E4-2867-703C-EC268D5B0A63} = {827E0CD3-B72D-47B6-A68D-7590B98EB39B}
		{63C31364-C5BC-4CFB-8C81-D633976EDFDC} = {494DD6BA-15E4-2867-703C-EC268D5B0A63}
		{CEA09484-30F6-4D44-02F6-822E06DBC57C} = {827E0CD3-B72D-47B6-A68D-7590B98EB39B}
		{C8702232-8DB8-4C90-BD8C-6C364F03D940} = {CEA09484-30F6-4D44-02F6-822E06DBC57C}
		{F14A2C39-0A8B-4D1E-B2C4-9F5A8E123456} = {CEA09484-30F6-4D44-02F6-822E06DBC57C}
		{48213806-D009-4C54-99FA-FE0E3651872A} = {CEA09484-30F6-4D44-02F6-822E06DBC57C}
	EndGlobalSection
EndGlobal
